
Microsoft Visual Studio Solution File, Format Version 12.00
# Visual Studio Version 17
VisualStudioVersion = 17.8.34525.116
MinimumVisualStudioVersion = 10.0.40219.1
Project("{FAE04EC0-301F-11D3-BF4B-00C04F79EFBC}") = "GmaeRpgGG", "GmaeRpgGG.csproj", "{588CC0A5-6130-48FB-9034-F16BB8447EA1}"
EndProject
Global
	GlobalSection(SolutionConfigurationPlatforms) = preSolution
		Debug|Any CPU = Debug|Any CPU
		Release|Any CPU = Release|Any CPU
	EndGlobalSection
	GlobalSection(ProjectConfigurationPlatforms) = postSolution
		{588CC0A5-6130-48FB-9034-F16BB8447EA1}.Debug|Any CPU.ActiveCfg = Debug|Any CPU
		{588CC0A5-6130-48FB-9034-F16BB8447EA1}.Debug|Any CPU.Build.0 = Debug|Any CPU
		{588CC0A5-6130-48FB-9034-F16BB8447EA1}.Release|Any CPU.ActiveCfg = Release|Any CPU
		{588CC0A5-6130-48FB-9034-F16BB8447EA1}.Release|Any CPU.Build.0 = Release|Any CPU
	EndGlobalSection
	GlobalSection(SolutionProperties) = preSolution
		HideSolutionNode = FALSE
	EndGlobalSection
	GlobalSection(ExtensibilityGlobals) = postSolution
		SolutionGuid = {0A4058E2-7355-4C10-AC3B-14C2F0BC54CB}
	EndGlobalSection
EndGlobal
